
Microsoft Visual Studio Solution File, Format Version 12.00
# Visual Studio Version 16
VisualStudioVersion = 16.0.31229.75
MinimumVisualStudioVersion = 10.0.40219.1
Project("{FAE04EC0-301F-11D3-BF4B-00C04F79EFBC}") = "ProjeEmlak", "ProjeEmlak\ProjeEmlak.csproj", "{6AB25596-0339-4718-A6F9-2D2A88A22717}"
EndProject
Global
	GlobalSection(SolutionConfigurationPlatforms) = preSolution
		Debug|Any CPU = Debug|Any CPU
		Release|Any CPU = Release|Any CPU
	EndGlobalSection
	GlobalSection(ProjectConfigurationPlatforms) = postSolution
		{6AB25596-0339-4718-A6F9-2D2A88A22717}.Debug|Any CPU.ActiveCfg = Debug|Any CPU
		{6AB25596-0339-4718-A6F9-2D2A88A22717}.Debug|Any CPU.Build.0 = Debug|Any CPU
		{6AB25596-0339-4718-A6F9-2D2A88A22717}.Release|Any CPU.ActiveCfg = Release|Any CPU
		{6AB25596-0339-4718-A6F9-2D2A88A22717}.Release|Any CPU.Build.0 = Release|Any CPU
	EndGlobalSection
	GlobalSection(SolutionProperties) = preSolution
		HideSolutionNode = FALSE
	EndGlobalSection
	GlobalSection(ExtensibilityGlobals) = postSolution
		SolutionGuid = {CD7C228F-01AA-4184-901F-CBCDDA870F0D}
	EndGlobalSection
EndGlobal
